{
  "name": "typescript-imba-service",
  "version": "0.1.0",
  "lockfileVersion": 2,
  "requires": true,
  "packages": {
    "": {
      "name": "typescript-imba-service",
      "version": "0.1.0",
      "dependencies": {
        "typescript-imba-plugin": "file:../typescript-imba-plugin"
      },
      "devDependencies": {
        "typescript": "4.9"
      }
    },
    "../typescript-imba-plugin": {
      "version": "1.4.6",
      "dependencies": {
        "imba-monarch": "file:../imba-monarch",
        "node-ipc": "9.1.4"
      }
    },
    "node_modules/typescript": {
      "version": "4.9.4",
      "resolved": "https://registry.npmjs.org/typescript/-/typescript-4.9.4.tgz",
      "integrity": "sha512-Uz+dTXYzxXXbsFpM86Wh3dKCxrQqUcVMxwU54orwlJjOpO3ao8L7j5lH+dWfTwgCwIuM9GQ2kvVotzYJMXTBZg==",
      "dev": true,
      "bin": {
        "tsc": "bin/tsc",
        "tsserver": "bin/tsserver"
      },
      "engines": {
        "node": ">=4.2.0"
      }
    },
    "node_modules/typescript-imba-plugin": {
      "resolved": "../typescript-imba-plugin",
      "link": true
    }
  },
  "dependencies": {
    "typescript": {
      "version": "4.9.4",
      "resolved": "https://registry.npmjs.org/typescript/-/typescript-4.9.4.tgz",
      "integrity": "sha512-Uz+dTXYzxXXbsFpM86Wh3dKCxrQqUcVMxwU54orwlJjOpO3ao8L7j5lH+dWfTwgCwIuM9GQ2kvVotzYJMXTBZg==",
      "dev": true
    },
    "typescript-imba-plugin": {
      "version": "file:../typescript-imba-plugin",
      "requires": {
        "imba-monarch": "file:../imba-monarch",
        "node-ipc": "9.1.4"
      }
    }
  }
}
