{
  "name": "typescript-imba-service",
  "version": "0.1.0",
  "lockfileVersion": 2,
  "requires": true,
  "packages": {
    "": {
      "name": "typescript-imba-service",
      "version": "0.1.0",
      "dependencies": {
        "typescript-imba-plugin": "file:../typescript-imba-plugin"
      },
      "devDependencies": {
        "typescript": "^4.6.3"
      }
    },
    "../typescript-imba-plugin": {
      "version": "1.2.17",
      "dependencies": {
        "node-ipc": "9.1.4"
      }
    },
    "node_modules/typescript": {
      "version": "4.6.3",
      "resolved": "https://registry.npmjs.org/typescript/-/typescript-4.6.3.tgz",
      "integrity": "sha512-yNIatDa5iaofVozS/uQJEl3JRWLKKGJKh6Yaiv0GLGSuhpFJe7P3SbHZ8/yjAHRQwKRoA6YZqlfjXWmVzoVSMw==",
      "dev": true,
      "bin": {
        "tsc": "bin/tsc",
        "tsserver": "bin/tsserver"
      },
      "engines": {
        "node": ">=4.2.0"
      }
    },
    "node_modules/typescript-imba-plugin": {
      "resolved": "../typescript-imba-plugin",
      "link": true
    }
  },
  "dependencies": {
    "typescript": {
      "version": "4.6.3",
      "resolved": "https://registry.npmjs.org/typescript/-/typescript-4.6.3.tgz",
      "integrity": "sha512-yNIatDa5iaofVozS/uQJEl3JRWLKKGJKh6Yaiv0GLGSuhpFJe7P3SbHZ8/yjAHRQwKRoA6YZqlfjXWmVzoVSMw==",
      "dev": true
    },
    "typescript-imba-plugin": {
      "version": "file:../typescript-imba-plugin",
      "requires": {
        "node-ipc": "9.1.4"
      }
    }
  }
}
