{
    "name": "extend",
    "lockfileVersion": 2,
    "requires": true,
    "packages": {
        "": {
            "dependencies": {
                "imba": "file:../../../imba"
            }
        },
        "../../../imba": {
            "version": "2.0.0-alpha.225",
            "license": "MIT",
            "dependencies": {
                "@antfu/install-pkg": "^0.1.1",
                "chokidar": "^3.4.3",
                "colors": "^1.4.0",
                "cross-spawn": "^7.0.3",
                "esbuild": "^0.15.2",
                "local-pkg": "^0.4.2",
                "picocolors": "^1.0.0",
                "prompts": "^2.4.2"
            },
            "bin": {
                "imba": "bin/imba",
                "imbac": "bin/imbac"
            },
            "devDependencies": {
                "commander": "^6.2.1",
                "enquirer": "^2.3.6",
                "eventemitter3": "^4.0.7",
                "fdir": "^4.1.0",
                "flatted": "^3.1.0",
                "get-port": "^5.1.1",
                "image-size": "^0.9.3",
                "micromatch": "^4.0.5",
                "node-fetch": "^2.6.1",
                "ora": "^5.2.0",
                "picomatch": "^2.2.2",
                "puppeteer": "^16.1.0",
                "sourcemap-codec": "^1.4.8",
                "tmp": "^0.2.1",
                "tree-kill": "^1.2.2",
                "workerpool": "^6.0.3"
            },
            "engines": {
                "node": ">=13.10.0"
            },
            "peerDependencies": {
                "@testing-library/dom": "*",
                "@testing-library/jest-dom": "*",
                "vite": "*",
                "vite-node": "*",
                "vite-plugin-imba": "*",
                "vitest": "*"
            }
        },
        "node_modules/imba": {
            "resolved": "../../../imba",
            "link": true
        }
    },
    "dependencies": {
        "imba": {
            "version": "file:../../../imba",
            "requires": {
                "@antfu/install-pkg": "^0.1.1",
                "chokidar": "^3.4.3",
                "colors": "^1.4.0",
                "commander": "^6.2.1",
                "cross-spawn": "^7.0.3",
                "enquirer": "^2.3.6",
                "esbuild": "^0.15.2",
                "eventemitter3": "^4.0.7",
                "fdir": "^4.1.0",
                "flatted": "^3.1.0",
                "get-port": "^5.1.1",
                "image-size": "^0.9.3",
                "local-pkg": "^0.4.2",
                "micromatch": "^4.0.5",
                "node-fetch": "^2.6.1",
                "ora": "^5.2.0",
                "picocolors": "^1.0.0",
                "picomatch": "^2.2.2",
                "prompts": "^2.4.2",
                "puppeteer": "^16.1.0",
                "sourcemap-codec": "^1.4.8",
                "tmp": "^0.2.1",
                "tree-kill": "^1.2.2",
                "workerpool": "^6.0.3"
            }
        }
    }
}
