{
  "name": "imba-ui",
  "version": "1.0.0",
  "lockfileVersion": 3,
  "requires": true,
  "packages": {
    "": {
      "name": "imba-ui",
      "version": "1.0.0",
      "license": "MIT",
      "dependencies": {
        "@floating-ui/dom": "^1.7.4",
        "fzi": "^1.5.0",
        "imba-material-icons": "^0.2.3"
      }
    },
    "node_modules/@floating-ui/core": {
      "version": "1.7.3",
      "resolved": "https://registry.npmjs.org/@floating-ui/core/-/core-1.7.3.tgz",
      "integrity": "sha512-sGnvb5dmrJaKEZ+LDIpguvdX3bDlEllmv4/ClQ9awcmCZrlx5jQyyMWFM5kBI+EyNOCDDiKk8il0zeuX3Zlg/w==",
      "license": "MIT",
      "dependencies": {
        "@floating-ui/utils": "^0.2.10"
      }
    },
    "node_modules/@floating-ui/dom": {
      "version": "1.7.4",
      "resolved": "https://registry.npmjs.org/@floating-ui/dom/-/dom-1.7.4.tgz",
      "integrity": "sha512-OOchDgh4F2CchOX94cRVqhvy7b3AFb+/rQXyswmzmGakRfkMgoWVjfnLWkRirfLEfuD4ysVW16eXzwt3jHIzKA==",
      "license": "MIT",
      "dependencies": {
        "@floating-ui/core": "^1.7.3",
        "@floating-ui/utils": "^0.2.10"
      }
    },
    "node_modules/@floating-ui/utils": {
      "version": "0.2.10",
      "resolved": "https://registry.npmjs.org/@floating-ui/utils/-/utils-0.2.10.tgz",
      "integrity": "sha512-aGTxbpbg8/b5JfU1HXSrbH3wXZuLPJcNEcZQFMxLs3oSzgtVu6nFPkbbGGUvBcUjKV2YyB9Wxxabo+HEH9tcRQ==",
      "license": "MIT"
    },
    "node_modules/fzi": {
      "version": "1.5.0",
      "resolved": "https://registry.npmjs.org/fzi/-/fzi-1.5.0.tgz",
      "integrity": "sha512-3544ki2jMWJYY17ob7uD5ijlEvy4FNG2MmwA4BEblmsWs0jCHGUXAVJ8eVZHbG0NvEpPkJBMZvnbF8+bR3Hj/w=="
    },
    "node_modules/imba-material-icons": {
      "version": "0.2.3",
      "resolved": "https://registry.npmjs.org/imba-material-icons/-/imba-material-icons-0.2.3.tgz",
      "integrity": "sha512-fjEJr70Mc70DVj5xaE4702mHXkkIspQKjAdPIKF9dWw7UdkTN8LBQoeJIuFFWvsyNwUz5rZ/ubL6UfwS/wDr3Q=="
    }
  }
}
