{
  "name": "imba-ui",
  "version": "1.0.0",
  "lockfileVersion": 3,
  "requires": true,
  "packages": {
    "": {
      "name": "imba-ui",
      "version": "1.0.0",
      "license": "MIT",
      "dependencies": {
        "@floating-ui/dom": "^1.0.7",
        "fzi": "^1.5.0",
        "imba-material-icons": "^0.2.3"
      }
    },
    "node_modules/@floating-ui/core": {
      "version": "1.1.0",
      "resolved": "https://registry.npmjs.org/@floating-ui/core/-/core-1.1.0.tgz",
      "integrity": "sha512-zbsLwtnHo84w1Kc8rScAo5GMk1GdecSlrflIbfnEBJwvTSj1SL6kkOYV+nHraMCPEy+RNZZUaZyL8JosDGCtGQ=="
    },
    "node_modules/@floating-ui/dom": {
      "version": "1.1.0",
      "resolved": "https://registry.npmjs.org/@floating-ui/dom/-/dom-1.1.0.tgz",
      "integrity": "sha512-TSogMPVxbRe77QCj1dt8NmRiJasPvuc+eT5jnJ6YpLqgOD2zXc5UA3S1qwybN+GVCDNdKfpKy1oj8RpzLJvh6A==",
      "dependencies": {
        "@floating-ui/core": "^1.0.5"
      }
    },
    "node_modules/fzi": {
      "version": "1.5.0",
      "resolved": "https://registry.npmjs.org/fzi/-/fzi-1.5.0.tgz",
      "integrity": "sha512-3544ki2jMWJYY17ob7uD5ijlEvy4FNG2MmwA4BEblmsWs0jCHGUXAVJ8eVZHbG0NvEpPkJBMZvnbF8+bR3Hj/w=="
    },
    "node_modules/imba-material-icons": {
      "version": "0.2.3",
      "resolved": "https://registry.npmjs.org/imba-material-icons/-/imba-material-icons-0.2.3.tgz",
      "integrity": "sha512-fjEJr70Mc70DVj5xaE4702mHXkkIspQKjAdPIKF9dWw7UdkTN8LBQoeJIuFFWvsyNwUz5rZ/ubL6UfwS/wDr3Q=="
    }
  }
}
