{
  "name": "e2e-tests-ionic",
  "version": "1.0.0",
  "lockfileVersion": 3,
  "requires": true,
  "packages": {
    "": {
      "name": "e2e-tests-ionic",
      "version": "1.0.0",
      "devDependencies": {
        "@ionic/core": "^7.0.0-rc.2",
        "imba": "file:../../imba",
        "vite": "^3.0.9",
        "vite-plugin-imba": "../../vite-plugin-imba",
        "vite-tsconfig-paths-silent": "^4.0.5"
      }
    },
    "../../imba": {
      "version": "2.0.0-alpha-vite.230.3",
      "dev": true,
      "license": "MIT",
      "dependencies": {
        "@antfu/install-pkg": "^0.1.1",
        "chokidar": "^3.4.3",
        "cross-spawn": "^7.0.3",
        "debug": "^4.3.4",
        "dotenv": "^16.0.3",
        "envinfo": "^7.8.1",
        "esbuild": "^0.15.2",
        "get-port": "^5.1.1",
        "local-pkg": "^0.4.2",
        "lodash.mergewith": "^4.6.2",
        "prompts": "^2.4.2"
      },
      "bin": {
        "imba": "bin/imba",
        "imbac": "bin/imbac"
      },
      "devDependencies": {
        "@jridgewell/trace-mapping": "^0.3.18",
        "@rollup/pluginutils": "^5.0.2",
        "commander": "^6.2.1",
        "fdir": "^4.1.0",
        "image-size": "^0.9.3",
        "micromatch": "^4.0.5",
        "ora": "^5.2.0",
        "picomatch": "^2.2.2",
        "puppeteer": "16.1.0",
        "sourcemap-codec": "^1.4.8",
        "tmp": "^0.2.1",
        "tree-kill": "^1.2.2",
        "vite": "^4.4.9",
        "vite-node": "^0.32.4",
        "vitest": "^0.32.4",
        "workerpool": "^6.0.3"
      },
      "engines": {
        "node": ">=13.10.0"
      },
      "peerDependencies": {
        "@testing-library/dom": "*",
        "@testing-library/jest-dom": "*",
        "vite-node": "*",
        "vitest": "*"
      },
      "peerDependenciesMeta": {
        "@testing-library/dom": {
          "optional": true
        },
        "@testing-library/jest-dom": {
          "optional": true
        },
        "vite": {
          "optional": true
        },
        "vite-node": {
          "optional": true
        },
        "vitest": {
          "optional": true
        }
      }
    },
    "../../vite-plugin-imba": {
      "dev": true
    },
    "node_modules/@ionic/core": {
      "version": "7.0.0-rc.2",
      "dev": true,
      "license": "MIT",
      "dependencies": {
        "@stencil/core": "^3.1.0",
        "ionicons": "^7.0.0",
        "tslib": "^2.1.0"
      }
    },
    "node_modules/@stencil/core": {
      "version": "3.2.0",
      "dev": true,
      "license": "MIT",
      "bin": {
        "stencil": "bin/stencil"
      },
      "engines": {
        "node": ">=14.10.0",
        "npm": ">=6.0.0"
      }
    },
    "node_modules/debug": {
      "version": "4.3.4",
      "dev": true,
      "license": "MIT",
      "dependencies": {
        "ms": "2.1.2"
      },
      "engines": {
        "node": ">=6.0"
      },
      "peerDependenciesMeta": {
        "supports-color": {
          "optional": true
        }
      }
    },
    "node_modules/esbuild": {
      "version": "0.15.18",
      "dev": true,
      "hasInstallScript": true,
      "license": "MIT",
      "bin": {
        "esbuild": "bin/esbuild"
      },
      "engines": {
        "node": ">=12"
      },
      "optionalDependencies": {
        "@esbuild/android-arm": "0.15.18",
        "@esbuild/linux-loong64": "0.15.18",
        "esbuild-android-64": "0.15.18",
        "esbuild-android-arm64": "0.15.18",
        "esbuild-darwin-64": "0.15.18",
        "esbuild-darwin-arm64": "0.15.18",
        "esbuild-freebsd-64": "0.15.18",
        "esbuild-freebsd-arm64": "0.15.18",
        "esbuild-linux-32": "0.15.18",
        "esbuild-linux-64": "0.15.18",
        "esbuild-linux-arm": "0.15.18",
        "esbuild-linux-arm64": "0.15.18",
        "esbuild-linux-mips64le": "0.15.18",
        "esbuild-linux-ppc64le": "0.15.18",
        "esbuild-linux-riscv64": "0.15.18",
        "esbuild-linux-s390x": "0.15.18",
        "esbuild-netbsd-64": "0.15.18",
        "esbuild-openbsd-64": "0.15.18",
        "esbuild-sunos-64": "0.15.18",
        "esbuild-windows-32": "0.15.18",
        "esbuild-windows-64": "0.15.18",
        "esbuild-windows-arm64": "0.15.18"
      }
    },
    "node_modules/esbuild-darwin-arm64": {
      "version": "0.15.18",
      "cpu": [
        "arm64"
      ],
      "dev": true,
      "license": "MIT",
      "optional": true,
      "os": [
        "darwin"
      ],
      "engines": {
        "node": ">=12"
      }
    },
    "node_modules/fsevents": {
      "version": "2.3.2",
      "dev": true,
      "license": "MIT",
      "optional": true,
      "os": [
        "darwin"
      ],
      "engines": {
        "node": "^8.16.0 || ^10.6.0 || >=11.0.0"
      }
    },
    "node_modules/function-bind": {
      "version": "1.1.1",
      "dev": true,
      "license": "MIT"
    },
    "node_modules/globrex": {
      "version": "0.1.2",
      "dev": true,
      "license": "MIT"
    },
    "node_modules/has": {
      "version": "1.0.3",
      "dev": true,
      "license": "MIT",
      "dependencies": {
        "function-bind": "^1.1.1"
      },
      "engines": {
        "node": ">= 0.4.0"
      }
    },
    "node_modules/imba": {
      "resolved": "../../imba",
      "link": true
    },
    "node_modules/ionicons": {
      "version": "7.0.0",
      "dev": true,
      "license": "MIT",
      "dependencies": {
        "@stencil/core": "^2.18.0"
      }
    },
    "node_modules/ionicons/node_modules/@stencil/core": {
      "version": "2.22.3",
      "dev": true,
      "license": "MIT",
      "bin": {
        "stencil": "bin/stencil"
      },
      "engines": {
        "node": ">=12.10.0",
        "npm": ">=6.0.0"
      }
    },
    "node_modules/is-core-module": {
      "version": "2.10.0",
      "dev": true,
      "license": "MIT",
      "dependencies": {
        "has": "^1.0.3"
      },
      "funding": {
        "url": "https://github.com/sponsors/ljharb"
      }
    },
    "node_modules/ms": {
      "version": "2.1.2",
      "dev": true,
      "license": "MIT"
    },
    "node_modules/nanoid": {
      "version": "3.3.4",
      "dev": true,
      "license": "MIT",
      "bin": {
        "nanoid": "bin/nanoid.cjs"
      },
      "engines": {
        "node": "^10 || ^12 || ^13.7 || ^14 || >=15.0.1"
      }
    },
    "node_modules/path-parse": {
      "version": "1.0.7",
      "dev": true,
      "license": "MIT"
    },
    "node_modules/picocolors": {
      "version": "1.0.0",
      "dev": true,
      "license": "ISC"
    },
    "node_modules/postcss": {
      "version": "8.4.21",
      "dev": true,
      "funding": [
        {
          "type": "opencollective",
          "url": "https://opencollective.com/postcss/"
        },
        {
          "type": "tidelift",
          "url": "https://tidelift.com/funding/github/npm/postcss"
        }
      ],
      "license": "MIT",
      "dependencies": {
        "nanoid": "^3.3.4",
        "picocolors": "^1.0.0",
        "source-map-js": "^1.0.2"
      },
      "engines": {
        "node": "^10 || ^12 || >=14"
      }
    },
    "node_modules/resolve": {
      "version": "1.22.1",
      "dev": true,
      "license": "MIT",
      "dependencies": {
        "is-core-module": "^2.9.0",
        "path-parse": "^1.0.7",
        "supports-preserve-symlinks-flag": "^1.0.0"
      },
      "bin": {
        "resolve": "bin/resolve"
      },
      "funding": {
        "url": "https://github.com/sponsors/ljharb"
      }
    },
    "node_modules/rollup": {
      "version": "2.79.1",
      "dev": true,
      "license": "MIT",
      "bin": {
        "rollup": "dist/bin/rollup"
      },
      "engines": {
        "node": ">=10.0.0"
      },
      "optionalDependencies": {
        "fsevents": "~2.3.2"
      }
    },
    "node_modules/source-map-js": {
      "version": "1.0.2",
      "dev": true,
      "license": "BSD-3-Clause",
      "engines": {
        "node": ">=0.10.0"
      }
    },
    "node_modules/supports-preserve-symlinks-flag": {
      "version": "1.0.0",
      "dev": true,
      "license": "MIT",
      "engines": {
        "node": ">= 0.4"
      },
      "funding": {
        "url": "https://github.com/sponsors/ljharb"
      }
    },
    "node_modules/tsconfck": {
      "version": "2.1.1",
      "dev": true,
      "license": "MIT",
      "bin": {
        "tsconfck": "bin/tsconfck.js"
      },
      "engines": {
        "node": "^14.13.1 || ^16 || >=18"
      },
      "peerDependencies": {
        "typescript": "^4.3.5 || ^5.0.0"
      },
      "peerDependenciesMeta": {
        "typescript": {
          "optional": true
        }
      }
    },
    "node_modules/tslib": {
      "version": "2.5.0",
      "dev": true,
      "license": "0BSD"
    },
    "node_modules/vite": {
      "version": "3.2.5",
      "dev": true,
      "license": "MIT",
      "dependencies": {
        "esbuild": "^0.15.9",
        "postcss": "^8.4.18",
        "resolve": "^1.22.1",
        "rollup": "^2.79.1"
      },
      "bin": {
        "vite": "bin/vite.js"
      },
      "engines": {
        "node": "^14.18.0 || >=16.0.0"
      },
      "optionalDependencies": {
        "fsevents": "~2.3.2"
      },
      "peerDependencies": {
        "@types/node": ">= 14",
        "less": "*",
        "sass": "*",
        "stylus": "*",
        "sugarss": "*",
        "terser": "^5.4.0"
      },
      "peerDependenciesMeta": {
        "@types/node": {
          "optional": true
        },
        "less": {
          "optional": true
        },
        "sass": {
          "optional": true
        },
        "stylus": {
          "optional": true
        },
        "sugarss": {
          "optional": true
        },
        "terser": {
          "optional": true
        }
      }
    },
    "node_modules/vite-plugin-imba": {
      "resolved": "../../vite-plugin-imba",
      "link": true
    },
    "node_modules/vite-tsconfig-paths-silent": {
      "version": "4.0.5",
      "dev": true,
      "license": "MIT",
      "dependencies": {
        "debug": "^4.1.1",
        "globrex": "^0.1.2",
        "tsconfck": "^2.0.1"
      }
    }
  }
}
